
Microsoft Visual Studio Solution File, Format Version 12.00
# Visual Studio Version 17
VisualStudioVersion = 17.8.34525.116
MinimumVisualStudioVersion = 10.0.40219.1
Project("{FAE04EC0-301F-11D3-BF4B-00C04F79EFBC}") = "Login", "Login.csproj", "{69B0C2A9-B640-4920-8B18-B108E71E540C}"
EndProject
Global
	GlobalSection(SolutionConfigurationPlatforms) = preSolution
		Debug|Any CPU = Debug|Any CPU
		Release|Any CPU = Release|Any CPU
	EndGlobalSection
	GlobalSection(ProjectConfigurationPlatforms) = postSolution
		{69B0C2A9-B640-4920-8B18-B108E71E540C}.Debug|Any CPU.ActiveCfg = Debug|Any CPU
		{69B0C2A9-B640-4920-8B18-B108E71E540C}.Debug|Any CPU.Build.0 = Debug|Any CPU
		{69B0C2A9-B640-4920-8B18-B108E71E540C}.Release|Any CPU.ActiveCfg = Release|Any CPU
		{69B0C2A9-B640-4920-8B18-B108E71E540C}.Release|Any CPU.Build.0 = Release|Any CPU
	EndGlobalSection
	GlobalSection(SolutionProperties) = preSolution
		HideSolutionNode = FALSE
	EndGlobalSection
	GlobalSection(ExtensibilityGlobals) = postSolution
		SolutionGuid = {57FBB29F-C567-48B9-8F8E-E59DF27322B1}
	EndGlobalSection
EndGlobal
